{
  "name": "@ulpi/browse",
  "version": "0.1.0",
  "lockfileVersion": 3,
  "requires": true,
  "packages": {
    "": {
      "name": "@ulpi/browse",
      "version": "0.1.0",
      "hasInstallScript": true,
      "license": "MIT",
      "dependencies": {
        "@ulpi/browse": "^0.1.0",
        "diff": "^7.0.0",
        "playwright": "^1.58.2"
      },
      "bin": {
        "browse": "bin/browse.ts"
      },
      "devDependencies": {
        "@types/node": "^25.5.0",
        "typescript": "^5.9.3"
      },
      "engines": {
        "bun": ">=1.0.0"
      }
    },
    "node_modules/@types/node": {
      "version": "25.5.0",
      "dev": true,
      "license": "MIT",
      "dependencies": {
        "undici-types": "~7.18.0"
      }
    },
    "node_modules/@ulpi/browse": {
      "version": "0.1.0",
      "resolved": "https://registry.npmjs.org/@ulpi/browse/-/browse-0.1.0.tgz",
      "integrity": "sha512-XtD4h0E4bA+8tK4vVKm+2gwnD82zOqY4Wjr4o9ufOmaZvINLal6hYXz1JkDTkmYOYICSLElagsumBmumeTjK1A==",
      "hasInstallScript": true,
      "license": "MIT",
      "dependencies": {
        "diff": "^7.0.0",
        "playwright": "^1.58.2"
      },
      "bin": {
        "browse": "bin/browse.ts"
      },
      "engines": {
        "bun": ">=1.0.0"
      }
    },
    "node_modules/diff": {
      "version": "7.0.0",
      "license": "BSD-3-Clause",
      "engines": {
        "node": ">=0.3.1"
      }
    },
    "node_modules/fsevents": {
      "version": "2.3.2",
      "license": "MIT",
      "optional": true,
      "os": [
        "darwin"
      ],
      "engines": {
        "node": "^8.16.0 || ^10.6.0 || >=11.0.0"
      }
    },
    "node_modules/playwright": {
      "version": "1.58.2",
      "license": "Apache-2.0",
      "dependencies": {
        "playwright-core": "1.58.2"
      },
      "bin": {
        "playwright": "cli.js"
      },
      "engines": {
        "node": ">=18"
      },
      "optionalDependencies": {
        "fsevents": "2.3.2"
      }
    },
    "node_modules/playwright-core": {
      "version": "1.58.2",
      "license": "Apache-2.0",
      "bin": {
        "playwright-core": "cli.js"
      },
      "engines": {
        "node": ">=18"
      }
    },
    "node_modules/typescript": {
      "version": "5.9.3",
      "dev": true,
      "license": "Apache-2.0",
      "bin": {
        "tsc": "bin/tsc",
        "tsserver": "bin/tsserver"
      },
      "engines": {
        "node": ">=14.17"
      }
    },
    "node_modules/undici-types": {
      "version": "7.18.2",
      "dev": true,
      "license": "MIT"
    }
  }
}
